PODS:
  - Nimble (8.0.1)
  - Quick (2.1.0)
  - Toast-Swift (5.0.0)
  - TooltipImageView (0.2.0):
    - Toast-Swift (~> 5)

DEPENDENCIES:
  - Nimble (~> 8)
  - Quick (~> 2)
  - TooltipImageView (from `../`)

SPEC REPOS:
  https://github.com/cocoapods/specs.git:
    - Nimble
    - Quick
    - Toast-Swift

EXTERNAL SOURCES:
  TooltipImageView:
    :path: "../"

SPEC CHECKSUMS:
  Nimble: 45f786ae66faa9a709624227fae502db55a8bdd0
  Quick: 4be43f6634acfa727dd106bdf3929ce125ffa79d
  Toast-Swift: 36f4720243c8582c2be243a60a51e193c761f541
  TooltipImageView: 6a0138ede2a3936d466f00ab03ca6ad2668aca23

PODFILE CHECKSUM: b50397e8db051e58f1979a30e014bb4aa1d5e518

COCOAPODS: 1.6.0.beta.2
